
Microsoft Visual Studio Solution File, Format Version 12.00
# Visual Studio Version 17
VisualStudioVersion = 17.9.34723.18
MinimumVisualStudioVersion = 10.0.40219.1
Project("{9A19103F-16F7-4668-BE54-9A1E7A4F7556}") = "DeadOpsArcade3D", "fps-multijoueur-raylib\DeadOpsArcade3D.csproj", "{A88E1B8C-914F-4DD0-AE0D-A642D73B3F70}"
EndProject
Global
	GlobalSection(SolutionConfigurationPlatforms) = preSolution
		Debug|Any CPU = Debug|Any CPU
		Release|Any CPU = Release|Any CPU
	EndGlobalSection
	GlobalSection(ProjectConfigurationPlatforms) = postSolution
		{A88E1B8C-914F-4DD0-AE0D-A642D73B3F70}.Debug|Any CPU.ActiveCfg = Debug|Any CPU
		{A88E1B8C-914F-4DD0-AE0D-A642D73B3F70}.Debug|Any CPU.Build.0 = Debug|Any CPU
		{A88E1B8C-914F-4DD0-AE0D-A642D73B3F70}.Release|Any CPU.ActiveCfg = Release|Any CPU
		{A88E1B8C-914F-4DD0-AE0D-A642D73B3F70}.Release|Any CPU.Build.0 = Release|Any CPU
	EndGlobalSection
	GlobalSection(SolutionProperties) = preSolution
		HideSolutionNode = FALSE
	EndGlobalSection
	GlobalSection(ExtensibilityGlobals) = postSolution
		SolutionGuid = {75419118-26A9-4D63-8048-4CD43D81E563}
	EndGlobalSection
EndGlobal
