
Microsoft Visual Studio Solution File, Format Version 12.00
# Visual Studio Version 17
VisualStudioVersion = 17.9.34723.18
MinimumVisualStudioVersion = 10.0.40219.1
Project("{9A19103F-16F7-4668-BE54-9A1E7A4F7556}") = "DeadOpsArcade3D", "DeadOpsArcade3D.csproj", "{C92E2823-4BD7-425D-AA4A-CC26F5D8F16B}"
EndProject
Global
	GlobalSection(SolutionConfigurationPlatforms) = preSolution
		Debug|Any CPU = Debug|Any CPU
		Release|Any CPU = Release|Any CPU
	EndGlobalSection
	GlobalSection(ProjectConfigurationPlatforms) = postSolution
		{C92E2823-4BD7-425D-AA4A-CC26F5D8F16B}.Debug|Any CPU.ActiveCfg = Debug|Any CPU
		{C92E2823-4BD7-425D-AA4A-CC26F5D8F16B}.Debug|Any CPU.Build.0 = Debug|Any CPU
		{C92E2823-4BD7-425D-AA4A-CC26F5D8F16B}.Release|Any CPU.ActiveCfg = Release|Any CPU
		{C92E2823-4BD7-425D-AA4A-CC26F5D8F16B}.Release|Any CPU.Build.0 = Release|Any CPU
	EndGlobalSection
	GlobalSection(SolutionProperties) = preSolution
		HideSolutionNode = FALSE
	EndGlobalSection
	GlobalSection(ExtensibilityGlobals) = postSolution
		SolutionGuid = {624E48F9-E6E0-49E2-88B3-2615FA401C02}
	EndGlobalSection
EndGlobal
