
Microsoft Visual Studio Solution File, Format Version 12.00
# Visual Studio Version 17
VisualStudioVersion = 17.9.34723.18
MinimumVisualStudioVersion = 10.0.40219.1
Project("{9A19103F-16F7-4668-BE54-9A1E7A4F7556}") = "Squelette", "Squelette.csproj", "{938AB723-D543-4D49-9337-F4B59E9EBAAC}"
EndProject
Global
	GlobalSection(SolutionConfigurationPlatforms) = preSolution
		Debug|Any CPU = Debug|Any CPU
		Release|Any CPU = Release|Any CPU
	EndGlobalSection
	GlobalSection(ProjectConfigurationPlatforms) = postSolution
		{938AB723-D543-4D49-9337-F4B59E9EBAAC}.Debug|Any CPU.ActiveCfg = Debug|Any CPU
		{938AB723-D543-4D49-9337-F4B59E9EBAAC}.Debug|Any CPU.Build.0 = Debug|Any CPU
		{938AB723-D543-4D49-9337-F4B59E9EBAAC}.Release|Any CPU.ActiveCfg = Release|Any CPU
		{938AB723-D543-4D49-9337-F4B59E9EBAAC}.Release|Any CPU.Build.0 = Release|Any CPU
	EndGlobalSection
	GlobalSection(SolutionProperties) = preSolution
		HideSolutionNode = FALSE
	EndGlobalSection
	GlobalSection(ExtensibilityGlobals) = postSolution
		SolutionGuid = {1C6C613D-2750-472C-AA30-19A2AC99146F}
	EndGlobalSection
EndGlobal
